
Microsoft Visual Studio Solution File, Format Version 12.00
# Visual Studio 14
VisualStudioVersion = 14.0.25123.0
MinimumVisualStudioVersion = 10.0.40219.1
Project("{8BC9CEB8-8B4A-11D0-8D11-00A0C91BC942}") = "echo_server_pip_win", "win_11_20\win_11_20.vcxproj", "{B9513AD1-5D08-4105-9DDD-B2C110161F23}"
EndProject
Project("{8BC9CEB8-8B4A-11D0-8D11-00A0C91BC942}") = "echo_client_pipe_win", "echo_client_pipe_win\echo_client_pipe_win.vcxproj", "{158E87E5-65EA-4F32-B315-DBF4430127AD}"
EndProject
Project("{8BC9CEB8-8B4A-11D0-8D11-00A0C91BC942}") = "sem_win", "sem_win\sem_win.vcxproj", "{9D1A6024-EB93-4116-8FF6-83A6AF5DF605}"
EndProject
Project("{8BC9CEB8-8B4A-11D0-8D11-00A0C91BC942}") = "count_thread_win", "count_thread_win\count_thread_win.vcxproj", "{80EABAE5-E588-4AEA-87D1-87A9DA094325}"
EndProject
Project("{8BC9CEB8-8B4A-11D0-8D11-00A0C91BC942}") = "count_thread_win_syn", "count_thread_win_syn\count_thread_win_syn.vcxproj", "{37D567E1-240D-4CC0-AF5D-D68EBCA02BE1}"
EndProject
Project("{8BC9CEB8-8B4A-11D0-8D11-00A0C91BC942}") = "calc_multi_win", "calc_multi_win\calc_multi_win.vcxproj", "{4ACCF64A-9280-4120-8DFF-9623E1C86830}"
EndProject
Project("{8BC9CEB8-8B4A-11D0-8D11-00A0C91BC942}") = "echo_server_thread_win", "echo_server_thread_win\echo_server_thread_win.vcxproj", "{39E36CBF-3988-461E-811D-47B16BD9211A}"
EndProject
Project("{8BC9CEB8-8B4A-11D0-8D11-00A0C91BC942}") = "echo_server_nonblocking", "echo_server_nonblocking\echo_server_nonblocking.vcxproj", "{5F792A6A-9581-4B70-AB87-BFE4C0FDE118}"
EndProject
Project("{8BC9CEB8-8B4A-11D0-8D11-00A0C91BC942}") = "echo_server_event_select", "echo_server_event_select\echo_server_event_select.vcxproj", "{8BC6159F-F360-489E-97B2-5BFDD3A50D84}"
EndProject
Project("{8BC9CEB8-8B4A-11D0-8D11-00A0C91BC942}") = "echo_server_overlapped_event", "echo_server_overlapped_event\echo_server_overlapped_event.vcxproj", "{8BE075A6-D627-4727-B0E3-693A95B8B8D4}"
EndProject
Project("{8BC9CEB8-8B4A-11D0-8D11-00A0C91BC942}") = "echo_server_overlapped_completed", "echo_server_overlapped_completed\echo_server_overlapped_completed.vcxproj", "{3C54DE65-4817-4BD2-93D8-519EC6160CD9}"
EndProject
Project("{8BC9CEB8-8B4A-11D0-8D11-00A0C91BC942}") = "iocp", "iocp\iocp.vcxproj", "{021CD3EC-B7E3-4B3F-AA58-C426A11AB19B}"
EndProject
Project("{8BC9CEB8-8B4A-11D0-8D11-00A0C91BC942}") = "chat_multi_casting", "chat_multi_casting\chat_multi_casting.vcxproj", "{124DC570-D0D1-4657-9986-0E1C5F35DC39}"
EndProject
Global
	GlobalSection(SolutionConfigurationPlatforms) = preSolution
		Debug|x64 = Debug|x64
		Debug|x86 = Debug|x86
		Release|x64 = Release|x64
		Release|x86 = Release|x86
	EndGlobalSection
	GlobalSection(ProjectConfigurationPlatforms) = postSolution
		{B9513AD1-5D08-4105-9DDD-B2C110161F23}.Debug|x64.ActiveCfg = Debug|x64
		{B9513AD1-5D08-4105-9DDD-B2C110161F23}.Debug|x64.Build.0 = Debug|x64
		{B9513AD1-5D08-4105-9DDD-B2C110161F23}.Debug|x86.ActiveCfg = Debug|Win32
		{B9513AD1-5D08-4105-9DDD-B2C110161F23}.Debug|x86.Build.0 = Debug|Win32
		{B9513AD1-5D08-4105-9DDD-B2C110161F23}.Release|x64.ActiveCfg = Release|x64
		{B9513AD1-5D08-4105-9DDD-B2C110161F23}.Release|x64.Build.0 = Release|x64
		{B9513AD1-5D08-4105-9DDD-B2C110161F23}.Release|x86.ActiveCfg = Release|Win32
		{B9513AD1-5D08-4105-9DDD-B2C110161F23}.Release|x86.Build.0 = Release|Win32
		{158E87E5-65EA-4F32-B315-DBF4430127AD}.Debug|x64.ActiveCfg = Debug|x64
		{158E87E5-65EA-4F32-B315-DBF4430127AD}.Debug|x64.Build.0 = Debug|x64
		{158E87E5-65EA-4F32-B315-DBF4430127AD}.Debug|x86.ActiveCfg = Debug|Win32
		{158E87E5-65EA-4F32-B315-DBF4430127AD}.Debug|x86.Build.0 = Debug|Win32
		{158E87E5-65EA-4F32-B315-DBF4430127AD}.Release|x64.ActiveCfg = Release|x64
		{158E87E5-65EA-4F32-B315-DBF4430127AD}.Release|x64.Build.0 = Release|x64
		{158E87E5-65EA-4F32-B315-DBF4430127AD}.Release|x86.ActiveCfg = Release|Win32
		{158E87E5-65EA-4F32-B315-DBF4430127AD}.Release|x86.Build.0 = Release|Win32
		{9D1A6024-EB93-4116-8FF6-83A6AF5DF605}.Debug|x64.ActiveCfg = Debug|x64
		{9D1A6024-EB93-4116-8FF6-83A6AF5DF605}.Debug|x64.Build.0 = Debug|x64
		{9D1A6024-EB93-4116-8FF6-83A6AF5DF605}.Debug|x86.ActiveCfg = Debug|Win32
		{9D1A6024-EB93-4116-8FF6-83A6AF5DF605}.Debug|x86.Build.0 = Debug|Win32
		{9D1A6024-EB93-4116-8FF6-83A6AF5DF605}.Release|x64.ActiveCfg = Release|x64
		{9D1A6024-EB93-4116-8FF6-83A6AF5DF605}.Release|x64.Build.0 = Release|x64
		{9D1A6024-EB93-4116-8FF6-83A6AF5DF605}.Release|x86.ActiveCfg = Release|Win32
		{9D1A6024-EB93-4116-8FF6-83A6AF5DF605}.Release|x86.Build.0 = Release|Win32
		{80EABAE5-E588-4AEA-87D1-87A9DA094325}.Debug|x64.ActiveCfg = Debug|x64
		{80EABAE5-E588-4AEA-87D1-87A9DA094325}.Debug|x64.Build.0 = Debug|x64
		{80EABAE5-E588-4AEA-87D1-87A9DA094325}.Debug|x86.ActiveCfg = Debug|Win32
		{80EABAE5-E588-4AEA-87D1-87A9DA094325}.Debug|x86.Build.0 = Debug|Win32
		{80EABAE5-E588-4AEA-87D1-87A9DA094325}.Release|x64.ActiveCfg = Release|x64
		{80EABAE5-E588-4AEA-87D1-87A9DA094325}.Release|x64.Build.0 = Release|x64
		{80EABAE5-E588-4AEA-87D1-87A9DA094325}.Release|x86.ActiveCfg = Release|Win32
		{80EABAE5-E588-4AEA-87D1-87A9DA094325}.Release|x86.Build.0 = Release|Win32
		{37D567E1-240D-4CC0-AF5D-D68EBCA02BE1}.Debug|x64.ActiveCfg = Debug|x64
		{37D567E1-240D-4CC0-AF5D-D68EBCA02BE1}.Debug|x64.Build.0 = Debug|x64
		{37D567E1-240D-4CC0-AF5D-D68EBCA02BE1}.Debug|x86.ActiveCfg = Debug|Win32
		{37D567E1-240D-4CC0-AF5D-D68EBCA02BE1}.Debug|x86.Build.0 = Debug|Win32
		{37D567E1-240D-4CC0-AF5D-D68EBCA02BE1}.Release|x64.ActiveCfg = Release|x64
		{37D567E1-240D-4CC0-AF5D-D68EBCA02BE1}.Release|x64.Build.0 = Release|x64
		{37D567E1-240D-4CC0-AF5D-D68EBCA02BE1}.Release|x86.ActiveCfg = Release|Win32
		{37D567E1-240D-4CC0-AF5D-D68EBCA02BE1}.Release|x86.Build.0 = Release|Win32
		{4ACCF64A-9280-4120-8DFF-9623E1C86830}.Debug|x64.ActiveCfg = Debug|x64
		{4ACCF64A-9280-4120-8DFF-9623E1C86830}.Debug|x64.Build.0 = Debug|x64
		{4ACCF64A-9280-4120-8DFF-9623E1C86830}.Debug|x86.ActiveCfg = Debug|Win32
		{4ACCF64A-9280-4120-8DFF-9623E1C86830}.Debug|x86.Build.0 = Debug|Win32
		{4ACCF64A-9280-4120-8DFF-9623E1C86830}.Release|x64.ActiveCfg = Release|x64
		{4ACCF64A-9280-4120-8DFF-9623E1C86830}.Release|x64.Build.0 = Release|x64
		{4ACCF64A-9280-4120-8DFF-9623E1C86830}.Release|x86.ActiveCfg = Release|Win32
		{4ACCF64A-9280-4120-8DFF-9623E1C86830}.Release|x86.Build.0 = Release|Win32
		{39E36CBF-3988-461E-811D-47B16BD9211A}.Debug|x64.ActiveCfg = Debug|x64
		{39E36CBF-3988-461E-811D-47B16BD9211A}.Debug|x64.Build.0 = Debug|x64
		{39E36CBF-3988-461E-811D-47B16BD9211A}.Debug|x86.ActiveCfg = Debug|Win32
		{39E36CBF-3988-461E-811D-47B16BD9211A}.Debug|x86.Build.0 = Debug|Win32
		{39E36CBF-3988-461E-811D-47B16BD9211A}.Release|x64.ActiveCfg = Release|x64
		{39E36CBF-3988-461E-811D-47B16BD9211A}.Release|x64.Build.0 = Release|x64
		{39E36CBF-3988-461E-811D-47B16BD9211A}.Release|x86.ActiveCfg = Release|Win32
		{39E36CBF-3988-461E-811D-47B16BD9211A}.Release|x86.Build.0 = Release|Win32
		{5F792A6A-9581-4B70-AB87-BFE4C0FDE118}.Debug|x64.ActiveCfg = Debug|x64
		{5F792A6A-9581-4B70-AB87-BFE4C0FDE118}.Debug|x64.Build.0 = Debug|x64
		{5F792A6A-9581-4B70-AB87-BFE4C0FDE118}.Debug|x86.ActiveCfg = Debug|Win32
		{5F792A6A-9581-4B70-AB87-BFE4C0FDE118}.Debug|x86.Build.0 = Debug|Win32
		{5F792A6A-9581-4B70-AB87-BFE4C0FDE118}.Release|x64.ActiveCfg = Release|x64
		{5F792A6A-9581-4B70-AB87-BFE4C0FDE118}.Release|x64.Build.0 = Release|x64
		{5F792A6A-9581-4B70-AB87-BFE4C0FDE118}.Release|x86.ActiveCfg = Release|Win32
		{5F792A6A-9581-4B70-AB87-BFE4C0FDE118}.Release|x86.Build.0 = Release|Win32
		{8BC6159F-F360-489E-97B2-5BFDD3A50D84}.Debug|x64.ActiveCfg = Debug|x64
		{8BC6159F-F360-489E-97B2-5BFDD3A50D84}.Debug|x64.Build.0 = Debug|x64
		{8BC6159F-F360-489E-97B2-5BFDD3A50D84}.Debug|x86.ActiveCfg = Debug|Win32
		{8BC6159F-F360-489E-97B2-5BFDD3A50D84}.Debug|x86.Build.0 = Debug|Win32
		{8BC6159F-F360-489E-97B2-5BFDD3A50D84}.Release|x64.ActiveCfg = Release|x64
		{8BC6159F-F360-489E-97B2-5BFDD3A50D84}.Release|x64.Build.0 = Release|x64
		{8BC6159F-F360-489E-97B2-5BFDD3A50D84}.Release|x86.ActiveCfg = Release|Win32
		{8BC6159F-F360-489E-97B2-5BFDD3A50D84}.Release|x86.Build.0 = Release|Win32
		{8BE075A6-D627-4727-B0E3-693A95B8B8D4}.Debug|x64.ActiveCfg = Debug|x64
		{8BE075A6-D627-4727-B0E3-693A95B8B8D4}.Debug|x64.Build.0 = Debug|x64
		{8BE075A6-D627-4727-B0E3-693A95B8B8D4}.Debug|x86.ActiveCfg = Debug|Win32
		{8BE075A6-D627-4727-B0E3-693A95B8B8D4}.Debug|x86.Build.0 = Debug|Win32
		{8BE075A6-D627-4727-B0E3-693A95B8B8D4}.Release|x64.ActiveCfg = Release|x64
		{8BE075A6-D627-4727-B0E3-693A95B8B8D4}.Release|x64.Build.0 = Release|x64
		{8BE075A6-D627-4727-B0E3-693A95B8B8D4}.Release|x86.ActiveCfg = Release|Win32
		{8BE075A6-D627-4727-B0E3-693A95B8B8D4}.Release|x86.Build.0 = Release|Win32
		{3C54DE65-4817-4BD2-93D8-519EC6160CD9}.Debug|x64.ActiveCfg = Debug|x64
		{3C54DE65-4817-4BD2-93D8-519EC6160CD9}.Debug|x64.Build.0 = Debug|x64
		{3C54DE65-4817-4BD2-93D8-519EC6160CD9}.Debug|x86.ActiveCfg = Debug|Win32
		{3C54DE65-4817-4BD2-93D8-519EC6160CD9}.Debug|x86.Build.0 = Debug|Win32
		{3C54DE65-4817-4BD2-93D8-519EC6160CD9}.Release|x64.ActiveCfg = Release|x64
		{3C54DE65-4817-4BD2-93D8-519EC6160CD9}.Release|x64.Build.0 = Release|x64
		{3C54DE65-4817-4BD2-93D8-519EC6160CD9}.Release|x86.ActiveCfg = Release|Win32
		{3C54DE65-4817-4BD2-93D8-519EC6160CD9}.Release|x86.Build.0 = Release|Win32
		{021CD3EC-B7E3-4B3F-AA58-C426A11AB19B}.Debug|x64.ActiveCfg = Debug|x64
		{021CD3EC-B7E3-4B3F-AA58-C426A11AB19B}.Debug|x64.Build.0 = Debug|x64
		{021CD3EC-B7E3-4B3F-AA58-C426A11AB19B}.Debug|x86.ActiveCfg = Debug|Win32
		{021CD3EC-B7E3-4B3F-AA58-C426A11AB19B}.Debug|x86.Build.0 = Debug|Win32
		{021CD3EC-B7E3-4B3F-AA58-C426A11AB19B}.Release|x64.ActiveCfg = Release|x64
		{021CD3EC-B7E3-4B3F-AA58-C426A11AB19B}.Release|x64.Build.0 = Release|x64
		{021CD3EC-B7E3-4B3F-AA58-C426A11AB19B}.Release|x86.ActiveCfg = Release|Win32
		{021CD3EC-B7E3-4B3F-AA58-C426A11AB19B}.Release|x86.Build.0 = Release|Win32
		{124DC570-D0D1-4657-9986-0E1C5F35DC39}.Debug|x64.ActiveCfg = Debug|x64
		{124DC570-D0D1-4657-9986-0E1C5F35DC39}.Debug|x64.Build.0 = Debug|x64
		{124DC570-D0D1-4657-9986-0E1C5F35DC39}.Debug|x86.ActiveCfg = Debug|Win32
		{124DC570-D0D1-4657-9986-0E1C5F35DC39}.Debug|x86.Build.0 = Debug|Win32
		{124DC570-D0D1-4657-9986-0E1C5F35DC39}.Release|x64.ActiveCfg = Release|x64
		{124DC570-D0D1-4657-9986-0E1C5F35DC39}.Release|x64.Build.0 = Release|x64
		{124DC570-D0D1-4657-9986-0E1C5F35DC39}.Release|x86.ActiveCfg = Release|Win32
		{124DC570-D0D1-4657-9986-0E1C5F35DC39}.Release|x86.Build.0 = Release|Win32
	EndGlobalSection
	GlobalSection(SolutionProperties) = preSolution
		HideSolutionNode = FALSE
	EndGlobalSection
EndGlobal
